
Microsoft Visual Studio Solution File, Format Version 12.00
# Visual Studio 15
VisualStudioVersion = 15.0.28307.329
MinimumVisualStudioVersion = 10.0.40219.1
Project("{FAE04EC0-301F-11D3-BF4B-00C04F79EFBC}") = "CalcDelegateConsole", "CalcDelegateConsole\CalcDelegateConsole.csproj", "{95896DED-9974-41D7-AA3A-E49E53BC79C3}"
EndProject
Global
	GlobalSection(SolutionConfigurationPlatforms) = preSolution
		Debug|Any CPU = Debug|Any CPU
		Release|Any CPU = Release|Any CPU
	EndGlobalSection
	GlobalSection(ProjectConfigurationPlatforms) = postSolution
		{95896DED-9974-41D7-AA3A-E49E53BC79C3}.Debug|Any CPU.ActiveCfg = Debug|Any CPU
		{95896DED-9974-41D7-AA3A-E49E53BC79C3}.Debug|Any CPU.Build.0 = Debug|Any CPU
		{95896DED-9974-41D7-AA3A-E49E53BC79C3}.Release|Any CPU.ActiveCfg = Release|Any CPU
		{95896DED-9974-41D7-AA3A-E49E53BC79C3}.Release|Any CPU.Build.0 = Release|Any CPU
	EndGlobalSection
	GlobalSection(SolutionProperties) = preSolution
		HideSolutionNode = FALSE
	EndGlobalSection
	GlobalSection(ExtensibilityGlobals) = postSolution
		SolutionGuid = {A94ECA77-C5DF-4C4F-A681-5628CEBCB7F3}
	EndGlobalSection
EndGlobal
